// !$*UTF8*$!
{
	archiveVersion = 1;
	classes = {
	};
	objectVersion = 56;
	objects = {

/* Begin PBXBuildFile section */
		32CA647F2BD06D2F00533154 /* MSGApp.swift in Sources */ = {isa = PBXBuildFile; fileRef = 32CA647E2BD06D2F00533154 /* MSGApp.swift */; };
		32CA64812BD06D2F00533154 /* ChatListView.swift in Sources */ = {isa = PBXBuildFile; fileRef = 32CA64802BD06D2F00533154 /* ChatListView.swift */; };
		32CA64832BD06D3000533154 /* Assets.xcassets in Resources */ = {isa = PBXBuildFile; fileRef = 32CA64822BD06D3000533154 /* Assets.xcassets */; };
		32CA64862BD06D3000533154 /* Preview Assets.xcassets in Resources */ = {isa = PBXBuildFile; fileRef = 32CA64852BD06D3000533154 /* Preview Assets.xcassets */; };
		32CA64902BD06D3000533154 /* AWSDataSourceTests.swift in Sources */ = {isa = PBXBuildFile; fileRef = 32CA648F2BD06D3000533154 /* AWSDataSourceTests.swift */; };
		32CA64AD2BD06DEB00533154 /* RemoteDataSource.swift in Sources */ = {isa = PBXBuildFile; fileRef = 32CA64AC2BD06DEB00533154 /* RemoteDataSource.swift */; };
		32CA64AF2BD06E9500533154 /* AWSDataSource.swift in Sources */ = {isa = PBXBuildFile; fileRef = 32CA64AE2BD06E9500533154 /* AWSDataSource.swift */; };
		32CA64B12BD06F7900533154 /* API.swift in Sources */ = {isa = PBXBuildFile; fileRef = 32CA64B02BD06F7900533154 /* API.swift */; };
		32CA64B32BD0721100533154 /* HTTPClient.swift in Sources */ = {isa = PBXBuildFile; fileRef = 32CA64B22BD0721100533154 /* HTTPClient.swift */; };
		32CA64B62BD0786800533154 /* MessagesRepository.swift in Sources */ = {isa = PBXBuildFile; fileRef = 32CA64B52BD0786800533154 /* MessagesRepository.swift */; };
		32CA64BA2BD078AF00533154 /* HTTPMessagesRepository.swift in Sources */ = {isa = PBXBuildFile; fileRef = 32CA64B92BD078AF00533154 /* HTTPMessagesRepository.swift */; };
		32CA64BF2BD4131500533154 /* SendMessageView.swift in Sources */ = {isa = PBXBuildFile; fileRef = 32CA64BE2BD4131500533154 /* SendMessageView.swift */; };
		32CA64C12BD4133E00533154 /* ChatView.swift in Sources */ = {isa = PBXBuildFile; fileRef = 32CA64C02BD4133E00533154 /* ChatView.swift */; };
		32CA64C42BD41B3F00533154 /* Chat.swift in Sources */ = {isa = PBXBuildFile; fileRef = 32CA64C32BD41B3F00533154 /* Chat.swift */; };
		32CA64C62BD41B4600533154 /* Message.swift in Sources */ = {isa = PBXBuildFile; fileRef = 32CA64C52BD41B4600533154 /* Message.swift */; };
		32CA64C92BD41B6B00533154 /* MessageAPI.swift in Sources */ = {isa = PBXBuildFile; fileRef = 32CA64C82BD41B6B00533154 /* MessageAPI.swift */; };
		32CA64CB2BD41BBF00533154 /* MessageResponse.swift in Sources */ = {isa = PBXBuildFile; fileRef = 32CA64CA2BD41BBF00533154 /* MessageResponse.swift */; };
		32CA64CD2BD41BD500533154 /* MessageBody.swift in Sources */ = {isa = PBXBuildFile; fileRef = 32CA64CC2BD41BD500533154 /* MessageBody.swift */; };
		32CA64CF2BD41E1E00533154 /* ChatListViewModel.swift in Sources */ = {isa = PBXBuildFile; fileRef = 32CA64CE2BD41E1E00533154 /* ChatListViewModel.swift */; };
		32CA64D12BD420AC00533154 /* SendMessageViewModel.swift in Sources */ = {isa = PBXBuildFile; fileRef = 32CA64D02BD420AC00533154 /* SendMessageViewModel.swift */; };
		32CA64D32BD423D600533154 /* ChatCell.swift in Sources */ = {isa = PBXBuildFile; fileRef = 32CA64D22BD423D600533154 /* ChatCell.swift */; };
		32CA64D52BD42C2500533154 /* ChatViewModel.swift in Sources */ = {isa = PBXBuildFile; fileRef = 32CA64D42BD42C2500533154 /* ChatViewModel.swift */; };
		32CA64D82BD4380400533154 /* RequestError.swift in Sources */ = {isa = PBXBuildFile; fileRef = 32CA64D72BD4380400533154 /* RequestError.swift */; };
		32CA64DA2BD43EA600533154 /* ChatMessageCell.swift in Sources */ = {isa = PBXBuildFile; fileRef = 32CA64D92BD43EA600533154 /* ChatMessageCell.swift */; };
		32CA65352BD6BEF500533154 /* MockURLProtocol.swift in Sources */ = {isa = PBXBuildFile; fileRef = 32CA65342BD6BEF500533154 /* MockURLProtocol.swift */; };
		32CA65382BD6C2F900533154 /* get_messages.json in Resources */ = {isa = PBXBuildFile; fileRef = 32CA65372BD6C2F900533154 /* get_messages.json */; };
		32CA653A2BD6C68700533154 /* JSONReader.swift in Sources */ = {isa = PBXBuildFile; fileRef = 32CA65392BD6C68700533154 /* JSONReader.swift */; };
		32CA653C2BD6C84400533154 /* get_messages_for_user.json in Resources */ = {isa = PBXBuildFile; fileRef = 32CA653B2BD6C84400533154 /* get_messages_for_user.json */; };
		32CA653F2BD6CDEB00533154 /* create_new_message.json in Resources */ = {isa = PBXBuildFile; fileRef = 32CA653E2BD6CDEB00533154 /* create_new_message.json */; };
/* End PBXBuildFile section */

/* Begin PBXContainerItemProxy section */
		32CA648C2BD06D3000533154 /* PBXContainerItemProxy */ = {
			isa = PBXContainerItemProxy;
			containerPortal = 32CA64732BD06D2F00533154 /* Project object */;
			proxyType = 1;
			remoteGlobalIDString = 32CA647A2BD06D2F00533154;
			remoteInfo = MSG;
		};
		32CA64962BD06D3000533154 /* PBXContainerItemProxy */ = {
			isa = PBXContainerItemProxy;
			containerPortal = 32CA64732BD06D2F00533154 /* Project object */;
			proxyType = 1;
			remoteGlobalIDString = 32CA647A2BD06D2F00533154;
			remoteInfo = MSG;
		};
/* End PBXContainerItemProxy section */

/* Begin PBXFileReference section */
		32CA647B2BD06D2F00533154 /* MSG.app */ = {isa = PBXFileReference; explicitFileType = wrapper.application; includeInIndex = 0; path = MSG.app; sourceTree = BUILT_PRODUCTS_DIR; };
		32CA647E2BD06D2F00533154 /* MSGApp.swift */ = {isa = PBXFileReference; lastKnownFileType = sourcecode.swift; path = MSGApp.swift; sourceTree = "<group>"; };
		32CA64802BD06D2F00533154 /* ChatListView.swift */ = {isa = PBXFileReference; lastKnownFileType = sourcecode.swift; path = ChatListView.swift; sourceTree = "<group>"; };
		32CA64822BD06D3000533154 /* Assets.xcassets */ = {isa = PBXFileReference; lastKnownFileType = folder.assetcatalog; path = Assets.xcassets; sourceTree = "<group>"; };
		32CA64852BD06D3000533154 /* Preview Assets.xcassets */ = {isa = PBXFileReference; lastKnownFileType = folder.assetcatalog; path = "Preview Assets.xcassets"; sourceTree = "<group>"; };
		32CA648B2BD06D3000533154 /* MSGTests.xctest */ = {isa = PBXFileReference; explicitFileType = wrapper.cfbundle; includeInIndex = 0; path = MSGTests.xctest; sourceTree = BUILT_PRODUCTS_DIR; };
		32CA648F2BD06D3000533154 /* AWSDataSourceTests.swift */ = {isa = PBXFileReference; lastKnownFileType = sourcecode.swift; path = AWSDataSourceTests.swift; sourceTree = "<group>"; };
		32CA64952BD06D3000533154 /* MSGUITests.xctest */ = {isa = PBXFileReference; explicitFileType = wrapper.cfbundle; includeInIndex = 0; path = MSGUITests.xctest; sourceTree = BUILT_PRODUCTS_DIR; };
		32CA64AC2BD06DEB00533154 /* RemoteDataSource.swift */ = {isa = PBXFileReference; lastKnownFileType = sourcecode.swift; path = RemoteDataSource.swift; sourceTree = "<group>"; };
		32CA64AE2BD06E9500533154 /* AWSDataSource.swift */ = {isa = PBXFileReference; lastKnownFileType = sourcecode.swift; path = AWSDataSource.swift; sourceTree = "<group>"; };
		32CA64B02BD06F7900533154 /* API.swift */ = {isa = PBXFileReference; lastKnownFileType = sourcecode.swift; path = API.swift; sourceTree = "<group>"; };
		32CA64B22BD0721100533154 /* HTTPClient.swift */ = {isa = PBXFileReference; lastKnownFileType = sourcecode.swift; path = HTTPClient.swift; sourceTree = "<group>"; };
		32CA64B52BD0786800533154 /* MessagesRepository.swift */ = {isa = PBXFileReference; lastKnownFileType = sourcecode.swift; path = MessagesRepository.swift; sourceTree = "<group>"; };
		32CA64B92BD078AF00533154 /* HTTPMessagesRepository.swift */ = {isa = PBXFileReference; lastKnownFileType = sourcecode.swift; path = HTTPMessagesRepository.swift; sourceTree = "<group>"; };
		32CA64BE2BD4131500533154 /* SendMessageView.swift */ = {isa = PBXFileReference; lastKnownFileType = sourcecode.swift; path = SendMessageView.swift; sourceTree = "<group>"; };
		32CA64C02BD4133E00533154 /* ChatView.swift */ = {isa = PBXFileReference; lastKnownFileType = sourcecode.swift; path = ChatView.swift; sourceTree = "<group>"; };
		32CA64C32BD41B3F00533154 /* Chat.swift */ = {isa = PBXFileReference; lastKnownFileType = sourcecode.swift; path = Chat.swift; sourceTree = "<group>"; };
		32CA64C52BD41B4600533154 /* Message.swift */ = {isa = PBXFileReference; lastKnownFileType = sourcecode.swift; path = Message.swift; sourceTree = "<group>"; };
		32CA64C82BD41B6B00533154 /* MessageAPI.swift */ = {isa = PBXFileReference; lastKnownFileType = sourcecode.swift; path = MessageAPI.swift; sourceTree = "<group>"; };
		32CA64CA2BD41BBF00533154 /* MessageResponse.swift */ = {isa = PBXFileReference; lastKnownFileType = sourcecode.swift; path = MessageResponse.swift; sourceTree = "<group>"; };
		32CA64CC2BD41BD500533154 /* MessageBody.swift */ = {isa = PBXFileReference; lastKnownFileType = sourcecode.swift; path = MessageBody.swift; sourceTree = "<group>"; };
		32CA64CE2BD41E1E00533154 /* ChatListViewModel.swift */ = {isa = PBXFileReference; lastKnownFileType = sourcecode.swift; path = ChatListViewModel.swift; sourceTree = "<group>"; };
		32CA64D02BD420AC00533154 /* SendMessageViewModel.swift */ = {isa = PBXFileReference; lastKnownFileType = sourcecode.swift; path = SendMessageViewModel.swift; sourceTree = "<group>"; };
		32CA64D22BD423D600533154 /* ChatCell.swift */ = {isa = PBXFileReference; lastKnownFileType = sourcecode.swift; path = ChatCell.swift; sourceTree = "<group>"; };
		32CA64D42BD42C2500533154 /* ChatViewModel.swift */ = {isa = PBXFileReference; lastKnownFileType = sourcecode.swift; path = ChatViewModel.swift; sourceTree = "<group>"; };
		32CA64D72BD4380400533154 /* RequestError.swift */ = {isa = PBXFileReference; lastKnownFileType = sourcecode.swift; path = RequestError.swift; sourceTree = "<group>"; };
		32CA64D92BD43EA600533154 /* ChatMessageCell.swift */ = {isa = PBXFileReference; lastKnownFileType = sourcecode.swift; path = ChatMessageCell.swift; sourceTree = "<group>"; };
		32CA65342BD6BEF500533154 /* MockURLProtocol.swift */ = {isa = PBXFileReference; lastKnownFileType = sourcecode.swift; path = MockURLProtocol.swift; sourceTree = "<group>"; };
		32CA65372BD6C2F900533154 /* get_messages.json */ = {isa = PBXFileReference; lastKnownFileType = text.json; path = get_messages.json; sourceTree = "<group>"; };
		32CA65392BD6C68700533154 /* JSONReader.swift */ = {isa = PBXFileReference; lastKnownFileType = sourcecode.swift; path = JSONReader.swift; sourceTree = "<group>"; };
		32CA653B2BD6C84400533154 /* get_messages_for_user.json */ = {isa = PBXFileReference; lastKnownFileType = text.json; path = get_messages_for_user.json; sourceTree = "<group>"; };
		32CA653E2BD6CDEB00533154 /* create_new_message.json */ = {isa = PBXFileReference; lastKnownFileType = text.json; path = create_new_message.json; sourceTree = "<group>"; };
/* End PBXFileReference section */

/* Begin PBXFrameworksBuildPhase section */
		32CA64782BD06D2F00533154 /* Frameworks */ = {
			isa = PBXFrameworksBuildPhase;
			buildActionMask = 2147483647;
			files = (
			);
			runOnlyForDeploymentPostprocessing = 0;
		};
		32CA64882BD06D3000533154 /* Frameworks */ = {
			isa = PBXFrameworksBuildPhase;
			buildActionMask = 2147483647;
			files = (
			);
			runOnlyForDeploymentPostprocessing = 0;
		};
		32CA64922BD06D3000533154 /* Frameworks */ = {
			isa = PBXFrameworksBuildPhase;
			buildActionMask = 2147483647;
			files = (
			);
			runOnlyForDeploymentPostprocessing = 0;
		};
/* End PBXFrameworksBuildPhase section */

/* Begin PBXGroup section */
		32CA64722BD06D2F00533154 = {
			isa = PBXGroup;
			children = (
				32CA647D2BD06D2F00533154 /* MSG */,
				32CA648E2BD06D3000533154 /* MSGTests */,
				32CA647C2BD06D2F00533154 /* Products */,
			);
			sourceTree = "<group>";
		};
		32CA647C2BD06D2F00533154 /* Products */ = {
			isa = PBXGroup;
			children = (
				32CA647B2BD06D2F00533154 /* MSG.app */,
				32CA648B2BD06D3000533154 /* MSGTests.xctest */,
				32CA64952BD06D3000533154 /* MSGUITests.xctest */,
			);
			name = Products;
			sourceTree = "<group>";
		};
		32CA647D2BD06D2F00533154 /* MSG */ = {
			isa = PBXGroup;
			children = (
				32CA64AA2BD06D5900533154 /* Data */,
				32CA64A92BD06D5400533154 /* Domain */,
				32CA64A82BD06D4D00533154 /* Presentation */,
				32CA647E2BD06D2F00533154 /* MSGApp.swift */,
				32CA64822BD06D3000533154 /* Assets.xcassets */,
				32CA64842BD06D3000533154 /* Preview Content */,
			);
			path = MSG;
			sourceTree = "<group>";
		};
		32CA64842BD06D3000533154 /* Preview Content */ = {
			isa = PBXGroup;
			children = (
				32CA64852BD06D3000533154 /* Preview Assets.xcassets */,
			);
			path = "Preview Content";
			sourceTree = "<group>";
		};
		32CA648E2BD06D3000533154 /* MSGTests */ = {
			isa = PBXGroup;
			children = (
				32CA653D2BD6CDA800533154 /* Helpers */,
				32CA65362BD6C2D800533154 /* Responses */,
				32CA648F2BD06D3000533154 /* AWSDataSourceTests.swift */,
			);
			path = MSGTests;
			sourceTree = "<group>";
		};
		32CA64A82BD06D4D00533154 /* Presentation */ = {
			isa = PBXGroup;
			children = (
				32CA64BD2BD4130500533154 /* ChatView */,
				32CA64BC2BD412FA00533154 /* SendMessageView */,
				32CA64BB2BD412F300533154 /* ChatsView */,
			);
			path = Presentation;
			sourceTree = "<group>";
		};
		32CA64A92BD06D5400533154 /* Domain */ = {
			isa = PBXGroup;
			children = (
				32CA64D62BD437F900533154 /* Errors */,
				32CA64C22BD41B3600533154 /* Models */,
				32CA64B42BD0785700533154 /* Repository */,
				32CA64AB2BD06D7100533154 /* Data Source */,
			);
			path = Domain;
			sourceTree = "<group>";
		};
		32CA64AA2BD06D5900533154 /* Data */ = {
			isa = PBXGroup;
			children = (
				32CA64C72BD41B6200533154 /* API */,
				32CA64B82BD0787E00533154 /* Data Source */,
				32CA64B72BD0787900533154 /* Repository */,
				32CA64B22BD0721100533154 /* HTTPClient.swift */,
			);
			path = Data;
			sourceTree = "<group>";
		};
		32CA64AB2BD06D7100533154 /* Data Source */ = {
			isa = PBXGroup;
			children = (
				32CA64AC2BD06DEB00533154 /* RemoteDataSource.swift */,
				32CA64B02BD06F7900533154 /* API.swift */,
			);
			path = "Data Source";
			sourceTree = "<group>";
		};
		32CA64B42BD0785700533154 /* Repository */ = {
			isa = PBXGroup;
			children = (
				32CA64B52BD0786800533154 /* MessagesRepository.swift */,
			);
			path = Repository;
			sourceTree = "<group>";
		};
		32CA64B72BD0787900533154 /* Repository */ = {
			isa = PBXGroup;
			children = (
				32CA64B92BD078AF00533154 /* HTTPMessagesRepository.swift */,
			);
			path = Repository;
			sourceTree = "<group>";
		};
		32CA64B82BD0787E00533154 /* Data Source */ = {
			isa = PBXGroup;
			children = (
				32CA64AE2BD06E9500533154 /* AWSDataSource.swift */,
			);
			path = "Data Source";
			sourceTree = "<group>";
		};
		32CA64BB2BD412F300533154 /* ChatsView */ = {
			isa = PBXGroup;
			children = (
				32CA65312BD6BDDC00533154 /* View Model */,
				32CA65302BD6BDD400533154 /* Views */,
			);
			path = ChatsView;
			sourceTree = "<group>";
		};
		32CA64BC2BD412FA00533154 /* SendMessageView */ = {
			isa = PBXGroup;
			children = (
				32CA652E2BD6BDBB00533154 /* View Model */,
				32CA652D2BD6BDB400533154 /* Views */,
			);
			path = SendMessageView;
			sourceTree = "<group>";
		};
		32CA64BD2BD4130500533154 /* ChatView */ = {
			isa = PBXGroup;
			children = (
				32CA652F2BD6BDC700533154 /* View Model */,
				32CA652C2BD6BDA300533154 /* Views */,
			);
			path = ChatView;
			sourceTree = "<group>";
		};
		32CA64C22BD41B3600533154 /* Models */ = {
			isa = PBXGroup;
			children = (
				32CA64C32BD41B3F00533154 /* Chat.swift */,
				32CA64C52BD41B4600533154 /* Message.swift */,
				32CA64CA2BD41BBF00533154 /* MessageResponse.swift */,
				32CA64CC2BD41BD500533154 /* MessageBody.swift */,
			);
			path = Models;
			sourceTree = "<group>";
		};
		32CA64C72BD41B6200533154 /* API */ = {
			isa = PBXGroup;
			children = (
				32CA64C82BD41B6B00533154 /* MessageAPI.swift */,
			);
			path = API;
			sourceTree = "<group>";
		};
		32CA64D62BD437F900533154 /* Errors */ = {
			isa = PBXGroup;
			children = (
				32CA64D72BD4380400533154 /* RequestError.swift */,
			);
			path = Errors;
			sourceTree = "<group>";
		};
		32CA652C2BD6BDA300533154 /* Views */ = {
			isa = PBXGroup;
			children = (
				32CA64C02BD4133E00533154 /* ChatView.swift */,
				32CA64D92BD43EA600533154 /* ChatMessageCell.swift */,
			);
			path = Views;
			sourceTree = "<group>";
		};
		32CA652D2BD6BDB400533154 /* Views */ = {
			isa = PBXGroup;
			children = (
				32CA64BE2BD4131500533154 /* SendMessageView.swift */,
			);
			path = Views;
			sourceTree = "<group>";
		};
		32CA652E2BD6BDBB00533154 /* View Model */ = {
			isa = PBXGroup;
			children = (
				32CA64D02BD420AC00533154 /* SendMessageViewModel.swift */,
			);
			path = "View Model";
			sourceTree = "<group>";
		};
		32CA652F2BD6BDC700533154 /* View Model */ = {
			isa = PBXGroup;
			children = (
				32CA64D42BD42C2500533154 /* ChatViewModel.swift */,
			);
			path = "View Model";
			sourceTree = "<group>";
		};
		32CA65302BD6BDD400533154 /* Views */ = {
			isa = PBXGroup;
			children = (
				32CA64802BD06D2F00533154 /* ChatListView.swift */,
				32CA64D22BD423D600533154 /* ChatCell.swift */,
			);
			path = Views;
			sourceTree = "<group>";
		};
		32CA65312BD6BDDC00533154 /* View Model */ = {
			isa = PBXGroup;
			children = (
				32CA64CE2BD41E1E00533154 /* ChatListViewModel.swift */,
			);
			path = "View Model";
			sourceTree = "<group>";
		};
		32CA65362BD6C2D800533154 /* Responses */ = {
			isa = PBXGroup;
			children = (
				32CA65372BD6C2F900533154 /* get_messages.json */,
				32CA653B2BD6C84400533154 /* get_messages_for_user.json */,
				32CA653E2BD6CDEB00533154 /* create_new_message.json */,
			);
			path = Responses;
			sourceTree = "<group>";
		};
		32CA653D2BD6CDA800533154 /* Helpers */ = {
			isa = PBXGroup;
			children = (
				32CA65392BD6C68700533154 /* JSONReader.swift */,
				32CA65342BD6BEF500533154 /* MockURLProtocol.swift */,
			);
			path = Helpers;
			sourceTree = "<group>";
		};
/* End PBXGroup section */

/* Begin PBXNativeTarget section */
		32CA647A2BD06D2F00533154 /* MSG */ = {
			isa = PBXNativeTarget;
			buildConfigurationList = 32CA649F2BD06D3000533154 /* Build configuration list for PBXNativeTarget "MSG" */;
			buildPhases = (
				32CA64772BD06D2F00533154 /* Sources */,
				32CA64782BD06D2F00533154 /* Frameworks */,
				32CA64792BD06D2F00533154 /* Resources */,
			);
			buildRules = (
			);
			dependencies = (
			);
			name = MSG;
			productName = MSG;
			productReference = 32CA647B2BD06D2F00533154 /* MSG.app */;
			productType = "com.apple.product-type.application";
		};
		32CA648A2BD06D3000533154 /* MSGTests */ = {
			isa = PBXNativeTarget;
			buildConfigurationList = 32CA64A22BD06D3000533154 /* Build configuration list for PBXNativeTarget "MSGTests" */;
			buildPhases = (
				32CA64872BD06D3000533154 /* Sources */,
				32CA64882BD06D3000533154 /* Frameworks */,
				32CA64892BD06D3000533154 /* Resources */,
			);
			buildRules = (
			);
			dependencies = (
				32CA648D2BD06D3000533154 /* PBXTargetDependency */,
			);
			name = MSGTests;
			productName = MSGTests;
			productReference = 32CA648B2BD06D3000533154 /* MSGTests.xctest */;
			productType = "com.apple.product-type.bundle.unit-test";
		};
		32CA64942BD06D3000533154 /* MSGUITests */ = {
			isa = PBXNativeTarget;
			buildConfigurationList = 32CA64A52BD06D3000533154 /* Build configuration list for PBXNativeTarget "MSGUITests" */;
			buildPhases = (
				32CA64912BD06D3000533154 /* Sources */,
				32CA64922BD06D3000533154 /* Frameworks */,
				32CA64932BD06D3000533154 /* Resources */,
			);
			buildRules = (
			);
			dependencies = (
				32CA64972BD06D3000533154 /* PBXTargetDependency */,
			);
			name = MSGUITests;
			productName = MSGUITests;
			productReference = 32CA64952BD06D3000533154 /* MSGUITests.xctest */;
			productType = "com.apple.product-type.bundle.ui-testing";
		};
/* End PBXNativeTarget section */

/* Begin PBXProject section */
		32CA64732BD06D2F00533154 /* Project object */ = {
			isa = PBXProject;
			attributes = {
				BuildIndependentTargetsInParallel = 1;
				LastSwiftUpdateCheck = 1530;
				LastUpgradeCheck = 1530;
				TargetAttributes = {
					32CA647A2BD06D2F00533154 = {
						CreatedOnToolsVersion = 15.3;
					};
					32CA648A2BD06D3000533154 = {
						CreatedOnToolsVersion = 15.3;
						TestTargetID = 32CA647A2BD06D2F00533154;
					};
					32CA64942BD06D3000533154 = {
						CreatedOnToolsVersion = 15.3;
						TestTargetID = 32CA647A2BD06D2F00533154;
					};
				};
			};
			buildConfigurationList = 32CA64762BD06D2F00533154 /* Build configuration list for PBXProject "MSG" */;
			compatibilityVersion = "Xcode 14.0";
			developmentRegion = en;
			hasScannedForEncodings = 0;
			knownRegions = (
				en,
				Base,
			);
			mainGroup = 32CA64722BD06D2F00533154;
			productRefGroup = 32CA647C2BD06D2F00533154 /* Products */;
			projectDirPath = "";
			projectRoot = "";
			targets = (
				32CA647A2BD06D2F00533154 /* MSG */,
				32CA648A2BD06D3000533154 /* MSGTests */,
				32CA64942BD06D3000533154 /* MSGUITests */,
			);
		};
/* End PBXProject section */

/* Begin PBXResourcesBuildPhase section */
		32CA64792BD06D2F00533154 /* Resources */ = {
			isa = PBXResourcesBuildPhase;
			buildActionMask = 2147483647;
			files = (
				32CA64862BD06D3000533154 /* Preview Assets.xcassets in Resources */,
				32CA64832BD06D3000533154 /* Assets.xcassets in Resources */,
			);
			runOnlyForDeploymentPostprocessing = 0;
		};
		32CA64892BD06D3000533154 /* Resources */ = {
			isa = PBXResourcesBuildPhase;
			buildActionMask = 2147483647;
			files = (
				32CA65382BD6C2F900533154 /* get_messages.json in Resources */,
				32CA653C2BD6C84400533154 /* get_messages_for_user.json in Resources */,
				32CA653F2BD6CDEB00533154 /* create_new_message.json in Resources */,
			);
			runOnlyForDeploymentPostprocessing = 0;
		};
		32CA64932BD06D3000533154 /* Resources */ = {
			isa = PBXResourcesBuildPhase;
			buildActionMask = 2147483647;
			files = (
			);
			runOnlyForDeploymentPostprocessing = 0;
		};
/* End PBXResourcesBuildPhase section */

/* Begin PBXSourcesBuildPhase section */
		32CA64772BD06D2F00533154 /* Sources */ = {
			isa = PBXSourcesBuildPhase;
			buildActionMask = 2147483647;
			files = (
				32CA64AF2BD06E9500533154 /* AWSDataSource.swift in Sources */,
				32CA64812BD06D2F00533154 /* ChatListView.swift in Sources */,
				32CA64C92BD41B6B00533154 /* MessageAPI.swift in Sources */,
				32CA64DA2BD43EA600533154 /* ChatMessageCell.swift in Sources */,
				32CA64B32BD0721100533154 /* HTTPClient.swift in Sources */,
				32CA64AD2BD06DEB00533154 /* RemoteDataSource.swift in Sources */,
				32CA647F2BD06D2F00533154 /* MSGApp.swift in Sources */,
				32CA64D12BD420AC00533154 /* SendMessageViewModel.swift in Sources */,
				32CA64B12BD06F7900533154 /* API.swift in Sources */,
				32CA64B62BD0786800533154 /* MessagesRepository.swift in Sources */,
				32CA64BF2BD4131500533154 /* SendMessageView.swift in Sources */,
				32CA64BA2BD078AF00533154 /* HTTPMessagesRepository.swift in Sources */,
				32CA64C62BD41B4600533154 /* Message.swift in Sources */,
				32CA64D32BD423D600533154 /* ChatCell.swift in Sources */,
				32CA64C12BD4133E00533154 /* ChatView.swift in Sources */,
				32CA64CD2BD41BD500533154 /* MessageBody.swift in Sources */,
				32CA64CF2BD41E1E00533154 /* ChatListViewModel.swift in Sources */,
				32CA64D82BD4380400533154 /* RequestError.swift in Sources */,
				32CA64CB2BD41BBF00533154 /* MessageResponse.swift in Sources */,
				32CA64D52BD42C2500533154 /* ChatViewModel.swift in Sources */,
				32CA64C42BD41B3F00533154 /* Chat.swift in Sources */,
			);
			runOnlyForDeploymentPostprocessing = 0;
		};
		32CA64872BD06D3000533154 /* Sources */ = {
			isa = PBXSourcesBuildPhase;
			buildActionMask = 2147483647;
			files = (
				32CA64902BD06D3000533154 /* AWSDataSourceTests.swift in Sources */,
				32CA653A2BD6C68700533154 /* JSONReader.swift in Sources */,
				32CA65352BD6BEF500533154 /* MockURLProtocol.swift in Sources */,
			);
			runOnlyForDeploymentPostprocessing = 0;
		};
		32CA64912BD06D3000533154 /* Sources */ = {
			isa = PBXSourcesBuildPhase;
			buildActionMask = 2147483647;
			files = (
			);
			runOnlyForDeploymentPostprocessing = 0;
		};
/* End PBXSourcesBuildPhase section */

/* Begin PBXTargetDependency section */
		32CA648D2BD06D3000533154 /* PBXTargetDependency */ = {
			isa = PBXTargetDependency;
			target = 32CA647A2BD06D2F00533154 /* MSG */;
			targetProxy = 32CA648C2BD06D3000533154 /* PBXContainerItemProxy */;
		};
		32CA64972BD06D3000533154 /* PBXTargetDependency */ = {
			isa = PBXTargetDependency;
			target = 32CA647A2BD06D2F00533154 /* MSG */;
			targetProxy = 32CA64962BD06D3000533154 /* PBXContainerItemProxy */;
		};
/* End PBXTargetDependency section */

/* Begin XCBuildConfiguration section */
		32CA649D2BD06D3000533154 /* Debug */ = {
			isa = XCBuildConfiguration;
			buildSettings = {
				ALWAYS_SEARCH_USER_PATHS = NO;
				ASSETCATALOG_COMPILER_GENERATE_SWIFT_ASSET_SYMBOL_EXTENSIONS = YES;
				CLANG_ANALYZER_NONNULL = YES;
				CLANG_ANALYZER_NUMBER_OBJECT_CONVERSION = YES_AGGRESSIVE;
				CLANG_CXX_LANGUAGE_STANDARD = "gnu++20";
				CLANG_ENABLE_MODULES = YES;
				CLANG_ENABLE_OBJC_ARC = YES;
				CLANG_ENABLE_OBJC_WEAK = YES;
				CLANG_WARN_BLOCK_CAPTURE_AUTORELEASING = YES;
				CLANG_WARN_BOOL_CONVERSION = YES;
				CLANG_WARN_COMMA = YES;
				CLANG_WARN_CONSTANT_CONVERSION = YES;
				CLANG_WARN_DEPRECATED_OBJC_IMPLEMENTATIONS = YES;
				CLANG_WARN_DIRECT_OBJC_ISA_USAGE = YES_ERROR;
				CLANG_WARN_DOCUMENTATION_COMMENTS = YES;
				CLANG_WARN_EMPTY_BODY = YES;
				CLANG_WARN_ENUM_CONVERSION = YES;
				CLANG_WARN_INFINITE_RECURSION = YES;
				CLANG_WARN_INT_CONVERSION = YES;
				CLANG_WARN_NON_LITERAL_NULL_CONVERSION = YES;
				CLANG_WARN_OBJC_IMPLICIT_RETAIN_SELF = YES;
				CLANG_WARN_OBJC_LITERAL_CONVERSION = YES;
				CLANG_WARN_OBJC_ROOT_CLASS = YES_ERROR;
				CLANG_WARN_QUOTED_INCLUDE_IN_FRAMEWORK_HEADER = YES;
				CLANG_WARN_RANGE_LOOP_ANALYSIS = YES;
				CLANG_WARN_STRICT_PROTOTYPES = YES;
				CLANG_WARN_SUSPICIOUS_MOVE = YES;
				CLANG_WARN_UNGUARDED_AVAILABILITY = YES_AGGRESSIVE;
				CLANG_WARN_UNREACHABLE_CODE = YES;
				CLANG_WARN__DUPLICATE_METHOD_MATCH = YES;
				COPY_PHASE_STRIP = NO;
				DEBUG_INFORMATION_FORMAT = dwarf;
				ENABLE_STRICT_OBJC_MSGSEND = YES;
				ENABLE_TESTABILITY = YES;
				ENABLE_USER_SCRIPT_SANDBOXING = YES;
				GCC_C_LANGUAGE_STANDARD = gnu17;
				GCC_DYNAMIC_NO_PIC = NO;
				GCC_NO_COMMON_BLOCKS = YES;
				GCC_OPTIMIZATION_LEVEL = 0;
				GCC_PREPROCESSOR_DEFINITIONS = (
					"DEBUG=1",
					"$(inherited)",
				);
				GCC_WARN_64_TO_32_BIT_CONVERSION = YES;
				GCC_WARN_ABOUT_RETURN_TYPE = YES_ERROR;
				GCC_WARN_UNDECLARED_SELECTOR = YES;
				GCC_WARN_UNINITIALIZED_AUTOS = YES_AGGRESSIVE;
				GCC_WARN_UNUSED_FUNCTION = YES;
				GCC_WARN_UNUSED_VARIABLE = YES;
				IPHONEOS_DEPLOYMENT_TARGET = 17.4;
				LOCALIZATION_PREFERS_STRING_CATALOGS = YES;
				MTL_ENABLE_DEBUG_INFO = INCLUDE_SOURCE;
				MTL_FAST_MATH = YES;
				ONLY_ACTIVE_ARCH = YES;
				SDKROOT = iphoneos;
				SWIFT_ACTIVE_COMPILATION_CONDITIONS = "DEBUG $(inherited)";
				SWIFT_OPTIMIZATION_LEVEL = "-Onone";
			};
			name = Debug;
		};
		32CA649E2BD06D3000533154 /* Release */ = {
			isa = XCBuildConfiguration;
			buildSettings = {
				ALWAYS_SEARCH_USER_PATHS = NO;
				ASSETCATALOG_COMPILER_GENERATE_SWIFT_ASSET_SYMBOL_EXTENSIONS = YES;
				CLANG_ANALYZER_NONNULL = YES;
				CLANG_ANALYZER_NUMBER_OBJECT_CONVERSION = YES_AGGRESSIVE;
				CLANG_CXX_LANGUAGE_STANDARD = "gnu++20";
				CLANG_ENABLE_MODULES = YES;
				CLANG_ENABLE_OBJC_ARC = YES;
				CLANG_ENABLE_OBJC_WEAK = YES;
				CLANG_WARN_BLOCK_CAPTURE_AUTORELEASING = YES;
				CLANG_WARN_BOOL_CONVERSION = YES;
				CLANG_WARN_COMMA = YES;
				CLANG_WARN_CONSTANT_CONVERSION = YES;
				CLANG_WARN_DEPRECATED_OBJC_IMPLEMENTATIONS = YES;
				CLANG_WARN_DIRECT_OBJC_ISA_USAGE = YES_ERROR;
				CLANG_WARN_DOCUMENTATION_COMMENTS = YES;
				CLANG_WARN_EMPTY_BODY = YES;
				CLANG_WARN_ENUM_CONVERSION = YES;
				CLANG_WARN_INFINITE_RECURSION = YES;
				CLANG_WARN_INT_CONVERSION = YES;
				CLANG_WARN_NON_LITERAL_NULL_CONVERSION = YES;
				CLANG_WARN_OBJC_IMPLICIT_RETAIN_SELF = YES;
				CLANG_WARN_OBJC_LITERAL_CONVERSION = YES;
				CLANG_WARN_OBJC_ROOT_CLASS = YES_ERROR;
				CLANG_WARN_QUOTED_INCLUDE_IN_FRAMEWORK_HEADER = YES;
				CLANG_WARN_RANGE_LOOP_ANALYSIS = YES;
				CLANG_WARN_STRICT_PROTOTYPES = YES;
				CLANG_WARN_SUSPICIOUS_MOVE = YES;
				CLANG_WARN_UNGUARDED_AVAILABILITY = YES_AGGRESSIVE;
				CLANG_WARN_UNREACHABLE_CODE = YES;
				CLANG_WARN__DUPLICATE_METHOD_MATCH = YES;
				COPY_PHASE_STRIP = NO;
				DEBUG_INFORMATION_FORMAT = "dwarf-with-dsym";
				ENABLE_NS_ASSERTIONS = NO;
				ENABLE_STRICT_OBJC_MSGSEND = YES;
				ENABLE_USER_SCRIPT_SANDBOXING = YES;
				GCC_C_LANGUAGE_STANDARD = gnu17;
				GCC_NO_COMMON_BLOCKS = YES;
				GCC_WARN_64_TO_32_BIT_CONVERSION = YES;
				GCC_WARN_ABOUT_RETURN_TYPE = YES_ERROR;
				GCC_WARN_UNDECLARED_SELECTOR = YES;
				GCC_WARN_UNINITIALIZED_AUTOS = YES_AGGRESSIVE;
				GCC_WARN_UNUSED_FUNCTION = YES;
				GCC_WARN_UNUSED_VARIABLE = YES;
				IPHONEOS_DEPLOYMENT_TARGET = 17.4;
				LOCALIZATION_PREFERS_STRING_CATALOGS = YES;
				MTL_ENABLE_DEBUG_INFO = NO;
				MTL_FAST_MATH = YES;
				SDKROOT = iphoneos;
				SWIFT_COMPILATION_MODE = wholemodule;
				VALIDATE_PRODUCT = YES;
			};
			name = Release;
		};
		32CA64A02BD06D3000533154 /* Debug */ = {
			isa = XCBuildConfiguration;
			buildSettings = {
				ASSETCATALOG_COMPILER_APPICON_NAME = AppIcon;
				ASSETCATALOG_COMPILER_GLOBAL_ACCENT_COLOR_NAME = AccentColor;
				CODE_SIGN_STYLE = Automatic;
				CURRENT_PROJECT_VERSION = 1;
				DEVELOPMENT_ASSET_PATHS = "\"MSG/Preview Content\"";
				DEVELOPMENT_TEAM = 8T85WESY64;
				ENABLE_PREVIEWS = YES;
				GENERATE_INFOPLIST_FILE = YES;
				INFOPLIST_KEY_UIApplicationSceneManifest_Generation = YES;
				INFOPLIST_KEY_UIApplicationSupportsIndirectInputEvents = YES;
				INFOPLIST_KEY_UILaunchScreen_Generation = YES;
				INFOPLIST_KEY_UISupportedInterfaceOrientations_iPad = "UIInterfaceOrientationPortrait UIInterfaceOrientationPortraitUpsideDown UIInterfaceOrientationLandscapeLeft UIInterfaceOrientationLandscapeRight";
				INFOPLIST_KEY_UISupportedInterfaceOrientations_iPhone = "UIInterfaceOrientationPortrait UIInterfaceOrientationLandscapeLeft UIInterfaceOrientationLandscapeRight";
				LD_RUNPATH_SEARCH_PATHS = (
					"$(inherited)",
					"@executable_path/Frameworks",
				);
				MARKETING_VERSION = 1.0;
				PRODUCT_BUNDLE_IDENTIFIER = com.ignacioparadisi.MSG;
				PRODUCT_NAME = "$(TARGET_NAME)";
				SWIFT_EMIT_LOC_STRINGS = YES;
				SWIFT_VERSION = 5.0;
				TARGETED_DEVICE_FAMILY = "1,2";
			};
			name = Debug;
		};
		32CA64A12BD06D3000533154 /* Release */ = {
			isa = XCBuildConfiguration;
			buildSettings = {
				ASSETCATALOG_COMPILER_APPICON_NAME = AppIcon;
				ASSETCATALOG_COMPILER_GLOBAL_ACCENT_COLOR_NAME = AccentColor;
				CODE_SIGN_STYLE = Automatic;
				CURRENT_PROJECT_VERSION = 1;
				DEVELOPMENT_ASSET_PATHS = "\"MSG/Preview Content\"";
				DEVELOPMENT_TEAM = 8T85WESY64;
				ENABLE_PREVIEWS = YES;
				GENERATE_INFOPLIST_FILE = YES;
				INFOPLIST_KEY_UIApplicationSceneManifest_Generation = YES;
				INFOPLIST_KEY_UIApplicationSupportsIndirectInputEvents = YES;
				INFOPLIST_KEY_UILaunchScreen_Generation = YES;
				INFOPLIST_KEY_UISupportedInterfaceOrientations_iPad = "UIInterfaceOrientationPortrait UIInterfaceOrientationPortraitUpsideDown UIInterfaceOrientationLandscapeLeft UIInterfaceOrientationLandscapeRight";
				INFOPLIST_KEY_UISupportedInterfaceOrientations_iPhone = "UIInterfaceOrientationPortrait UIInterfaceOrientationLandscapeLeft UIInterfaceOrientationLandscapeRight";
				LD_RUNPATH_SEARCH_PATHS = (
					"$(inherited)",
					"@executable_path/Frameworks",
				);
				MARKETING_VERSION = 1.0;
				PRODUCT_BUNDLE_IDENTIFIER = com.ignacioparadisi.MSG;
				PRODUCT_NAME = "$(TARGET_NAME)";
				SWIFT_EMIT_LOC_STRINGS = YES;
				SWIFT_VERSION = 5.0;
				TARGETED_DEVICE_FAMILY = "1,2";
			};
			name = Release;
		};
		32CA64A32BD06D3000533154 /* Debug */ = {
			isa = XCBuildConfiguration;
			buildSettings = {
				ALWAYS_EMBED_SWIFT_STANDARD_LIBRARIES = YES;
				BUNDLE_LOADER = "$(TEST_HOST)";
				CODE_SIGN_STYLE = Automatic;
				CURRENT_PROJECT_VERSION = 1;
				DEVELOPMENT_TEAM = 8T85WESY64;
				GENERATE_INFOPLIST_FILE = YES;
				IPHONEOS_DEPLOYMENT_TARGET = 17.4;
				MARKETING_VERSION = 1.0;
				PRODUCT_BUNDLE_IDENTIFIER = com.ignacioparadisi.MSGTests;
				PRODUCT_NAME = "$(TARGET_NAME)";
				SWIFT_EMIT_LOC_STRINGS = NO;
				SWIFT_VERSION = 5.0;
				TARGETED_DEVICE_FAMILY = "1,2";
				TEST_HOST = "$(BUILT_PRODUCTS_DIR)/MSG.app/$(BUNDLE_EXECUTABLE_FOLDER_PATH)/MSG";
			};
			name = Debug;
		};
		32CA64A42BD06D3000533154 /* Release */ = {
			isa = XCBuildConfiguration;
			buildSettings = {
				ALWAYS_EMBED_SWIFT_STANDARD_LIBRARIES = YES;
				BUNDLE_LOADER = "$(TEST_HOST)";
				CODE_SIGN_STYLE = Automatic;
				CURRENT_PROJECT_VERSION = 1;
				DEVELOPMENT_TEAM = 8T85WESY64;
				GENERATE_INFOPLIST_FILE = YES;
				IPHONEOS_DEPLOYMENT_TARGET = 17.4;
				MARKETING_VERSION = 1.0;
				PRODUCT_BUNDLE_IDENTIFIER = com.ignacioparadisi.MSGTests;
				PRODUCT_NAME = "$(TARGET_NAME)";
				SWIFT_EMIT_LOC_STRINGS = NO;
				SWIFT_VERSION = 5.0;
				TARGETED_DEVICE_FAMILY = "1,2";
				TEST_HOST = "$(BUILT_PRODUCTS_DIR)/MSG.app/$(BUNDLE_EXECUTABLE_FOLDER_PATH)/MSG";
			};
			name = Release;
		};
		32CA64A62BD06D3000533154 /* Debug */ = {
			isa = XCBuildConfiguration;
			buildSettings = {
				ALWAYS_EMBED_SWIFT_STANDARD_LIBRARIES = YES;
				CODE_SIGN_STYLE = Automatic;
				CURRENT_PROJECT_VERSION = 1;
				DEVELOPMENT_TEAM = 8T85WESY64;
				GENERATE_INFOPLIST_FILE = YES;
				MARKETING_VERSION = 1.0;
				PRODUCT_BUNDLE_IDENTIFIER = com.ignacioparadisi.MSGUITests;
				PRODUCT_NAME = "$(TARGET_NAME)";
				SWIFT_EMIT_LOC_STRINGS = NO;
				SWIFT_VERSION = 5.0;
				TARGETED_DEVICE_FAMILY = "1,2";
				TEST_TARGET_NAME = MSG;
			};
			name = Debug;
		};
		32CA64A72BD06D3000533154 /* Release */ = {
			isa = XCBuildConfiguration;
			buildSettings = {
				ALWAYS_EMBED_SWIFT_STANDARD_LIBRARIES = YES;
				CODE_SIGN_STYLE = Automatic;
				CURRENT_PROJECT_VERSION = 1;
				DEVELOPMENT_TEAM = 8T85WESY64;
				GENERATE_INFOPLIST_FILE = YES;
				MARKETING_VERSION = 1.0;
				PRODUCT_BUNDLE_IDENTIFIER = com.ignacioparadisi.MSGUITests;
				PRODUCT_NAME = "$(TARGET_NAME)";
				SWIFT_EMIT_LOC_STRINGS = NO;
				SWIFT_VERSION = 5.0;
				TARGETED_DEVICE_FAMILY = "1,2";
				TEST_TARGET_NAME = MSG;
			};
			name = Release;
		};
/* End XCBuildConfiguration section */

/* Begin XCConfigurationList section */
		32CA64762BD06D2F00533154 /* Build configuration list for PBXProject "MSG" */ = {
			isa = XCConfigurationList;
			buildConfigurations = (
				32CA649D2BD06D3000533154 /* Debug */,
				32CA649E2BD06D3000533154 /* Release */,
			);
			defaultConfigurationIsVisible = 0;
			defaultConfigurationName = Release;
		};
		32CA649F2BD06D3000533154 /* Build configuration list for PBXNativeTarget "MSG" */ = {
			isa = XCConfigurationList;
			buildConfigurations = (
				32CA64A02BD06D3000533154 /* Debug */,
				32CA64A12BD06D3000533154 /* Release */,
			);
			defaultConfigurationIsVisible = 0;
			defaultConfigurationName = Release;
		};
		32CA64A22BD06D3000533154 /* Build configuration list for PBXNativeTarget "MSGTests" */ = {
			isa = XCConfigurationList;
			buildConfigurations = (
				32CA64A32BD06D3000533154 /* Debug */,
				32CA64A42BD06D3000533154 /* Release */,
			);
			defaultConfigurationIsVisible = 0;
			defaultConfigurationName = Release;
		};
		32CA64A52BD06D3000533154 /* Build configuration list for PBXNativeTarget "MSGUITests" */ = {
			isa = XCConfigurationList;
			buildConfigurations = (
				32CA64A62BD06D3000533154 /* Debug */,
				32CA64A72BD06D3000533154 /* Release */,
			);
			defaultConfigurationIsVisible = 0;
			defaultConfigurationName = Release;
		};
/* End XCConfigurationList section */
	};
	rootObject = 32CA64732BD06D2F00533154 /* Project object */;
}
